github.com/Azzamjiul/bookstore_utils-go v0.0.0-20211229000035-00b4d8cdcb68 h1:4ZcomFAjO+MN+25Na9K9uDXS2H0w2wQfWFllU4dYJdc=
github.com/Azzamjiul/bookstore_utils-go v0.0.0-20211229000035-00b4d8cdcb68/go.mod h1:npDNjV2qI1c7abNgQzwO29FFmFfVxGx/oGbbDkLXyBc=
github.com/azzamjiul/bookstore_oauth-go v0.0.0-20211230022053-b68094b8e201 h1:5ayxQhb6hjTUfgp/hFMCV3nbwkTSWXF+c1eit0pKOC0=
github.com/azzamjiul/bookstore_oauth-go v0.0.0-20211230022053-b68094b8e201/go.mod h1:BSxeIuiCfcR8B6T0giZVgxc6waacnMThzJ8E09sTKo0=
github.com/davecgh/go-spew v1.1.0 h1:ZDRjVQ15GmhC3fiQ8ni8+OwkZQO4DARzQgrnXU1Liz8=
github.com/elazarl/goproxy v0.0.0-20211114080932-d06c3be7c11b h1:1XqENn2YoYZd6w3Awx+7oa+aR87DFIZJFLF2n1IojA0=
github.com/gopherjs/gopherjs v0.0.0-20211228081827-103facb1c21a h1:ZG8WOQ+4wQizqLvNP15SniSjV1m3r9YGrYmgBQMifeI=
github.com/gorilla/mux v1.8.0 h1:i40aqfkR1h2SlN9hojwV5ZA91wcXFOvkdNIeFDP5koI=
github.com/gorilla/mux v1.8.0/go.mod h1:DVbg23sWSpFRCP0SfiEN6jmj59UnW/n46BH5rLB71So=
github.com/jtolds/gls v4.20.0+incompatible h1:xdiiI2gbIgH/gLH7ADydsJ1uDOEzR8yvV7C0MuV77Wo=
github.com/jtolds/gls v4.20.0+incompatible/go.mod h1:QJZ7F/aHp+rZTRtaJ1ow/lLfFfVYBRgL+9YlvaHOwJU=
github.com/parnurzeal/gorequest v0.2.16 h1:T/5x+/4BT+nj+3eSknXmCTnEVGSzFzPGdpqmUVVZXHQ=
github.com/parnurzeal/gorequest v0.2.16/go.mod h1:3Kh2QUMJoqw3icWAecsyzkpY7UzRfDhbRdTjtNwNiUE=
github.com/pkg/errors v0.9.1 h1:FEBLx1zS214owpjy7qsBeixbURkuhQAwrK5UwLGTwt4=
github.com/pkg/errors v0.9.1/go.mod h1:bwawxfHBFNV+L2hUp1rHADufV3IMtnDRdf1r5NINEl0=
github.com/pmezard/go-difflib v1.0.0 h1:4DBwDE0NGyQoBHbLQYPwSUPoCMWR5BEzIk/f1lZbAQM=
github.com/smartystreets/assertions v1.2.1 h1:bKNHfEv7tSIjZ8JbKaFjzFINljxG4lzZvmHUnElzOIg=
github.com/smartystreets/goconvey v1.7.2 h1:9RBaZCeXEQ3UselpuwUQHltGVXvdwm6cv1hgR6gDIPg=
github.com/stretchr/testify v1.7.0 h1:nwc3DEeHmmLAfoZucVR881uASk0Mfjw8xYJ99tb5CcY=
golang.org/x/net v0.0.0-20211216030914-fe4d6282115f h1:hEYJvxw1lSnWIl8X9ofsYMklzaDs90JI2az5YMd4fPM=
golang.org/x/net v0.0.0-20211216030914-fe4d6282115f/go.mod h1:9nx3DQGgdP8bBQD5qxJ1jj9UTztislL4KSBs9R2vV5Y=
gopkg.in/yaml.v3 v3.0.0-20200313102051-9f266ea9e77c h1:dUUwHk2QECo/6vqA44rthZ8ie2QXMNeKRTHCNY2nXvo=
moul.io/http2curl v1.0.0 h1:6XwpyZOYsgZJrU8exnG87ncVkU1FVCcTRpwzOkTDUi8=
moul.io/http2curl v1.0.0/go.mod h1:f6cULg+e4Md/oW1cYmwW4IWQOVl2lGbmCNGOHvzX2kE=
